
Microsoft Visual Studio Solution File, Format Version 12.00
# Visual Studio Version 17
VisualStudioVersion = 17.5.33530.505
MinimumVisualStudioVersion = 10.0.40219.1
Project("{FAE04EC0-301F-11D3-BF4B-00C04F79EFBC}") = "gittest", "gittest\gittest.csproj", "{7FF89E65-C190-40A3-BBC2-AC7323C30487}"
EndProject
Global
	GlobalSection(SolutionConfigurationPlatforms) = preSolution
		Debug|Any CPU = Debug|Any CPU
		Release|Any CPU = Release|Any CPU
	EndGlobalSection
	GlobalSection(ProjectConfigurationPlatforms) = postSolution
		{7FF89E65-C190-40A3-BBC2-AC7323C30487}.Debug|Any CPU.ActiveCfg = Debug|Any CPU
		{7FF89E65-C190-40A3-BBC2-AC7323C30487}.Debug|Any CPU.Build.0 = Debug|Any CPU
		{7FF89E65-C190-40A3-BBC2-AC7323C30487}.Release|Any CPU.ActiveCfg = Release|Any CPU
		{7FF89E65-C190-40A3-BBC2-AC7323C30487}.Release|Any CPU.Build.0 = Release|Any CPU
	EndGlobalSection
	GlobalSection(SolutionProperties) = preSolution
		HideSolutionNode = FALSE
	EndGlobalSection
	GlobalSection(ExtensibilityGlobals) = postSolution
		SolutionGuid = {4DA76736-82D5-4CA1-AE79-B041EA1A886D}
	EndGlobalSection
EndGlobal
